
Microsoft Visual Studio Solution File, Format Version 12.00
# Visual Studio Version 17
VisualStudioVersion = 17.0.31903.59
MinimumVisualStudioVersion = 10.0.40219.1
Project("{2150E333-8FDC-42A3-9474-1A3956D46DE8}") = "MarcelSimma", "MarcelSimma", "{6FECDCE5-57FE-4AF7-89BB-EF003618C953}"
EndProject
Project("{FAE04EC0-301F-11D3-BF4B-00C04F79EFBC}") = "MarcelSimma", "MarcelSimma\MarcelSimma\MarcelSimma.csproj", "{E0F4182B-34FF-4005-8199-A3A0E333F9B5}"
EndProject
Project("{2150E333-8FDC-42A3-9474-1A3956D46DE8}") = "SimonJochum", "SimonJochum", "{11FDB011-5D13-4AC5-9351-1D1F22CEC161}"
EndProject
Project("{FAE04EC0-301F-11D3-BF4B-00C04F79EFBC}") = "SimonJochum", "SimonJochum\SimonJochum\SimonJochum.csproj", "{C6007FCC-5562-4CA3-B7B6-AF0C599A2B59}"
EndProject
Global
	GlobalSection(SolutionConfigurationPlatforms) = preSolution
		Debug|Any CPU = Debug|Any CPU
		Release|Any CPU = Release|Any CPU
	EndGlobalSection
	GlobalSection(SolutionProperties) = preSolution
		HideSolutionNode = FALSE
	EndGlobalSection
	GlobalSection(ProjectConfigurationPlatforms) = postSolution
		{E0F4182B-34FF-4005-8199-A3A0E333F9B5}.Debug|Any CPU.ActiveCfg = Debug|Any CPU
		{E0F4182B-34FF-4005-8199-A3A0E333F9B5}.Debug|Any CPU.Build.0 = Debug|Any CPU
		{E0F4182B-34FF-4005-8199-A3A0E333F9B5}.Release|Any CPU.ActiveCfg = Release|Any CPU
		{E0F4182B-34FF-4005-8199-A3A0E333F9B5}.Release|Any CPU.Build.0 = Release|Any CPU
		{C6007FCC-5562-4CA3-B7B6-AF0C599A2B59}.Debug|Any CPU.ActiveCfg = Debug|Any CPU
		{C6007FCC-5562-4CA3-B7B6-AF0C599A2B59}.Debug|Any CPU.Build.0 = Debug|Any CPU
		{C6007FCC-5562-4CA3-B7B6-AF0C599A2B59}.Release|Any CPU.ActiveCfg = Release|Any CPU
		{C6007FCC-5562-4CA3-B7B6-AF0C599A2B59}.Release|Any CPU.Build.0 = Release|Any CPU
	EndGlobalSection
	GlobalSection(NestedProjects) = preSolution
		{E0F4182B-34FF-4005-8199-A3A0E333F9B5} = {6FECDCE5-57FE-4AF7-89BB-EF003618C953}
		{C6007FCC-5562-4CA3-B7B6-AF0C599A2B59} = {11FDB011-5D13-4AC5-9351-1D1F22CEC161}
	EndGlobalSection
EndGlobal
