
Microsoft Visual Studio Solution File, Format Version 12.00
# Visual Studio Version 17
VisualStudioVersion = 17.5.002.0
MinimumVisualStudioVersion = 10.0.40219.1
Project("{9A19103F-16F7-4668-BE54-9A1E7A4F7556}") = "AlessioGaudio", "AlessioGaudio.csproj", "{AEA22578-0975-4A34-9CBB-17E49204343D}"
EndProject
Global
	GlobalSection(SolutionConfigurationPlatforms) = preSolution
		Debug|Any CPU = Debug|Any CPU
		Release|Any CPU = Release|Any CPU
	EndGlobalSection
	GlobalSection(ProjectConfigurationPlatforms) = postSolution
		{AEA22578-0975-4A34-9CBB-17E49204343D}.Debug|Any CPU.ActiveCfg = Debug|Any CPU
		{AEA22578-0975-4A34-9CBB-17E49204343D}.Debug|Any CPU.Build.0 = Debug|Any CPU
		{AEA22578-0975-4A34-9CBB-17E49204343D}.Release|Any CPU.ActiveCfg = Release|Any CPU
		{AEA22578-0975-4A34-9CBB-17E49204343D}.Release|Any CPU.Build.0 = Release|Any CPU
	EndGlobalSection
	GlobalSection(SolutionProperties) = preSolution
		HideSolutionNode = FALSE
	EndGlobalSection
	GlobalSection(ExtensibilityGlobals) = postSolution
		SolutionGuid = {DB4E8A4F-9AC8-4825-A452-84863D37EBC7}
	EndGlobalSection
EndGlobal
