
Microsoft Visual Studio Solution File, Format Version 12.00
# Visual Studio Version 17
VisualStudioVersion = 17.5.002.0
MinimumVisualStudioVersion = 10.0.40219.1
Project("{9A19103F-16F7-4668-BE54-9A1E7A4F7556}") = "JulianStroehle", "JulianStroehle.csproj", "{B62C75AB-7D0A-41A2-85BD-B43F5042501E}"
EndProject
Global
	GlobalSection(SolutionConfigurationPlatforms) = preSolution
		Debug|Any CPU = Debug|Any CPU
		Release|Any CPU = Release|Any CPU
	EndGlobalSection
	GlobalSection(ProjectConfigurationPlatforms) = postSolution
		{B62C75AB-7D0A-41A2-85BD-B43F5042501E}.Debug|Any CPU.ActiveCfg = Debug|Any CPU
		{B62C75AB-7D0A-41A2-85BD-B43F5042501E}.Debug|Any CPU.Build.0 = Debug|Any CPU
		{B62C75AB-7D0A-41A2-85BD-B43F5042501E}.Release|Any CPU.ActiveCfg = Release|Any CPU
		{B62C75AB-7D0A-41A2-85BD-B43F5042501E}.Release|Any CPU.Build.0 = Release|Any CPU
	EndGlobalSection
	GlobalSection(SolutionProperties) = preSolution
		HideSolutionNode = FALSE
	EndGlobalSection
	GlobalSection(ExtensibilityGlobals) = postSolution
		SolutionGuid = {A08AF147-47C0-40E6-A021-352B409C0A98}
	EndGlobalSection
EndGlobal
